
Microsoft Visual Studio Solution File, Format Version 12.00
# Visual Studio Version 17
VisualStudioVersion = 17.8.34408.163
MinimumVisualStudioVersion = 10.0.40219.1
Project("{FAE04EC0-301F-11D3-BF4B-00C04F79EFBC}") = "AdvisorHub", "AdvisorHub\AdvisorHub.csproj", "{074955B8-A090-4D65-B882-235190B5E7E0}"
EndProject
Global
	GlobalSection(SolutionConfigurationPlatforms) = preSolution
		Debug|Any CPU = Debug|Any CPU
		Release|Any CPU = Release|Any CPU
	EndGlobalSection
	GlobalSection(ProjectConfigurationPlatforms) = postSolution
		{074955B8-A090-4D65-B882-235190B5E7E0}.Debug|Any CPU.ActiveCfg = Debug|Any CPU
		{074955B8-A090-4D65-B882-235190B5E7E0}.Debug|Any CPU.Build.0 = Debug|Any CPU
		{074955B8-A090-4D65-B882-235190B5E7E0}.Release|Any CPU.ActiveCfg = Release|Any CPU
		{074955B8-A090-4D65-B882-235190B5E7E0}.Release|Any CPU.Build.0 = Release|Any CPU
	EndGlobalSection
	GlobalSection(SolutionProperties) = preSolution
		HideSolutionNode = FALSE
	EndGlobalSection
	GlobalSection(ExtensibilityGlobals) = postSolution
		SolutionGuid = {8979F8C2-81E6-4D60-A35B-340645C0F859}
	EndGlobalSection
EndGlobal
